// !$*UTF8*$!
{
	archiveVersion = 1;
	classes = {
	};
	objectVersion = 46;
	objects = {

/* Begin PBXBuildFile section */
		8E765D8789E9140A1572C932 /* Pods_Miracle.framework in Frameworks */ = {isa = PBXBuildFile; fileRef = B7BD111F1BBB5BE3A3D2F6DB /* Pods_Miracle.framework */; };
		F4607BAB1DF5260100A5411B /* AppDelegate.swift in Sources */ = {isa = PBXBuildFile; fileRef = F4607BAA1DF5260100A5411B /* AppDelegate.swift */; };
		F4607BAD1DF5260100A5411B /* ViewController.swift in Sources */ = {isa = PBXBuildFile; fileRef = F4607BAC1DF5260100A5411B /* ViewController.swift */; };
		F4607BB01DF5260100A5411B /* Main.storyboard in Resources */ = {isa = PBXBuildFile; fileRef = F4607BAE1DF5260100A5411B /* Main.storyboard */; };
		F4607BB21DF5260100A5411B /* Assets.xcassets in Resources */ = {isa = PBXBuildFile; fileRef = F4607BB11DF5260100A5411B /* Assets.xcassets */; };
		F4607BB51DF5260100A5411B /* LaunchScreen.storyboard in Resources */ = {isa = PBXBuildFile; fileRef = F4607BB31DF5260100A5411B /* LaunchScreen.storyboard */; };
		F4607BBF1DF52CDE00A5411B /* GoogleService-Info.plist in Resources */ = {isa = PBXBuildFile; fileRef = F4607BBE1DF52CDE00A5411B /* GoogleService-Info.plist */; };
		F4A603AA1DF56AE1009698D6 /* naturescreen480.mov in Resources */ = {isa = PBXBuildFile; fileRef = F4A603A91DF56AE1009698D6 /* naturescreen480.mov */; };
		F4A603AC1DF640CE009698D6 /* CausesViewController.swift in Sources */ = {isa = PBXBuildFile; fileRef = F4A603AB1DF640CE009698D6 /* CausesViewController.swift */; };
		F4A603AE1DF6443F009698D6 /* CausesTabViewController.swift in Sources */ = {isa = PBXBuildFile; fileRef = F4A603AD1DF6443F009698D6 /* CausesTabViewController.swift */; };
		F4C872771DF91A790093EFAB /* CauseDetailViewController.swift in Sources */ = {isa = PBXBuildFile; fileRef = F4C872761DF91A790093EFAB /* CauseDetailViewController.swift */; };
/* End PBXBuildFile section */

/* Begin PBXFileReference section */
		36E6D4E4B92A632FC8A0B5C5 /* Pods-Miracle.release.xcconfig */ = {isa = PBXFileReference; includeInIndex = 1; lastKnownFileType = text.xcconfig; name = "Pods-Miracle.release.xcconfig"; path = "Pods/Target Support Files/Pods-Miracle/Pods-Miracle.release.xcconfig"; sourceTree = "<group>"; };
		B7BD111F1BBB5BE3A3D2F6DB /* Pods_Miracle.framework */ = {isa = PBXFileReference; explicitFileType = wrapper.framework; includeInIndex = 0; path = Pods_Miracle.framework; sourceTree = BUILT_PRODUCTS_DIR; };
		D222DBBA1D2F304865250DFD /* Pods-Miracle.debug.xcconfig */ = {isa = PBXFileReference; includeInIndex = 1; lastKnownFileType = text.xcconfig; name = "Pods-Miracle.debug.xcconfig"; path = "Pods/Target Support Files/Pods-Miracle/Pods-Miracle.debug.xcconfig"; sourceTree = "<group>"; };
		F4607BA71DF5260100A5411B /* Miracle.app */ = {isa = PBXFileReference; explicitFileType = wrapper.application; includeInIndex = 0; path = Miracle.app; sourceTree = BUILT_PRODUCTS_DIR; };
		F4607BAA1DF5260100A5411B /* AppDelegate.swift */ = {isa = PBXFileReference; lastKnownFileType = sourcecode.swift; path = AppDelegate.swift; sourceTree = "<group>"; };
		F4607BAC1DF5260100A5411B /* ViewController.swift */ = {isa = PBXFileReference; lastKnownFileType = sourcecode.swift; path = ViewController.swift; sourceTree = "<group>"; };
		F4607BAF1DF5260100A5411B /* Base */ = {isa = PBXFileReference; lastKnownFileType = file.storyboard; name = Base; path = Base.lproj/Main.storyboard; sourceTree = "<group>"; };
		F4607BB11DF5260100A5411B /* Assets.xcassets */ = {isa = PBXFileReference; lastKnownFileType = folder.assetcatalog; path = Assets.xcassets; sourceTree = "<group>"; };
		F4607BB41DF5260100A5411B /* Base */ = {isa = PBXFileReference; lastKnownFileType = file.storyboard; name = Base; path = Base.lproj/LaunchScreen.storyboard; sourceTree = "<group>"; };
		F4607BB61DF5260100A5411B /* Info.plist */ = {isa = PBXFileReference; lastKnownFileType = text.plist.xml; path = Info.plist; sourceTree = "<group>"; };
		F4607BBE1DF52CDE00A5411B /* GoogleService-Info.plist */ = {isa = PBXFileReference; fileEncoding = 4; lastKnownFileType = text.plist.xml; path = "GoogleService-Info.plist"; sourceTree = "<group>"; };
		F4A603A91DF56AE1009698D6 /* naturescreen480.mov */ = {isa = PBXFileReference; lastKnownFileType = video.quicktime; path = naturescreen480.mov; sourceTree = "<group>"; };
		F4A603AB1DF640CE009698D6 /* CausesViewController.swift */ = {isa = PBXFileReference; fileEncoding = 4; lastKnownFileType = sourcecode.swift; path = CausesViewController.swift; sourceTree = "<group>"; };
		F4A603AD1DF6443F009698D6 /* CausesTabViewController.swift */ = {isa = PBXFileReference; fileEncoding = 4; lastKnownFileType = sourcecode.swift; path = CausesTabViewController.swift; sourceTree = "<group>"; };
		F4C872761DF91A790093EFAB /* CauseDetailViewController.swift */ = {isa = PBXFileReference; fileEncoding = 4; lastKnownFileType = sourcecode.swift; path = CauseDetailViewController.swift; sourceTree = "<group>"; };
/* End PBXFileReference section */

/* Begin PBXFrameworksBuildPhase section */
		F4607BA41DF5260100A5411B /* Frameworks */ = {
			isa = PBXFrameworksBuildPhase;
			buildActionMask = 2147483647;
			files = (
				8E765D8789E9140A1572C932 /* Pods_Miracle.framework in Frameworks */,
			);
			runOnlyForDeploymentPostprocessing = 0;
		};
/* End PBXFrameworksBuildPhase section */

/* Begin PBXGroup section */
		CA04CE89274B50CDFFF21A83 /* Pods */ = {
			isa = PBXGroup;
			children = (
				D222DBBA1D2F304865250DFD /* Pods-Miracle.debug.xcconfig */,
				36E6D4E4B92A632FC8A0B5C5 /* Pods-Miracle.release.xcconfig */,
			);
			name = Pods;
			sourceTree = "<group>";
		};
		F4607B9E1DF5260100A5411B = {
			isa = PBXGroup;
			children = (
				F4A603A91DF56AE1009698D6 /* naturescreen480.mov */,
				F4607BA91DF5260100A5411B /* Miracle */,
				F4607BA81DF5260100A5411B /* Products */,
				CA04CE89274B50CDFFF21A83 /* Pods */,
				FA2B83507D9A4854A901FD6D /* Frameworks */,
			);
			sourceTree = "<group>";
		};
		F4607BA81DF5260100A5411B /* Products */ = {
			isa = PBXGroup;
			children = (
				F4607BA71DF5260100A5411B /* Miracle.app */,
			);
			name = Products;
			sourceTree = "<group>";
		};
		F4607BA91DF5260100A5411B /* Miracle */ = {
			isa = PBXGroup;
			children = (
				F4607BBE1DF52CDE00A5411B /* GoogleService-Info.plist */,
				F4607BAA1DF5260100A5411B /* AppDelegate.swift */,
				F4607BAC1DF5260100A5411B /* ViewController.swift */,
				F4A603AB1DF640CE009698D6 /* CausesViewController.swift */,
				F4C872761DF91A790093EFAB /* CauseDetailViewController.swift */,
				F4607BAE1DF5260100A5411B /* Main.storyboard */,
				F4A603AD1DF6443F009698D6 /* CausesTabViewController.swift */,
				F4607BB11DF5260100A5411B /* Assets.xcassets */,
				F4607BB31DF5260100A5411B /* LaunchScreen.storyboard */,
				F4607BB61DF5260100A5411B /* Info.plist */,
			);
			path = Miracle;
			sourceTree = "<group>";
		};
		FA2B83507D9A4854A901FD6D /* Frameworks */ = {
			isa = PBXGroup;
			children = (
				B7BD111F1BBB5BE3A3D2F6DB /* Pods_Miracle.framework */,
			);
			name = Frameworks;
			sourceTree = "<group>";
		};
/* End PBXGroup section */

/* Begin PBXNativeTarget section */
		F4607BA61DF5260100A5411B /* Miracle */ = {
			isa = PBXNativeTarget;
			buildConfigurationList = F4607BB91DF5260100A5411B /* Build configuration list for PBXNativeTarget "Miracle" */;
			buildPhases = (
				7947C6F5E647BBF8B77B3295 /* [CP] Check Pods Manifest.lock */,
				F4607BA31DF5260100A5411B /* Sources */,
				F4607BA41DF5260100A5411B /* Frameworks */,
				F4607BA51DF5260100A5411B /* Resources */,
				0383E7BA7C3F4CED6DE37270 /* [CP] Embed Pods Frameworks */,
				A91A0CAD45BCD90D7DDC8CB3 /* [CP] Copy Pods Resources */,
			);
			buildRules = (
			);
			dependencies = (
			);
			name = Miracle;
			productName = Miracle;
			productReference = F4607BA71DF5260100A5411B /* Miracle.app */;
			productType = "com.apple.product-type.application";
		};
/* End PBXNativeTarget section */

/* Begin PBXProject section */
		F4607B9F1DF5260100A5411B /* Project object */ = {
			isa = PBXProject;
			attributes = {
				LastSwiftUpdateCheck = 0810;
				LastUpgradeCheck = 0810;
				ORGANIZATIONNAME = Miracle;
				TargetAttributes = {
					F4607BA61DF5260100A5411B = {
						CreatedOnToolsVersion = 8.1;
						DevelopmentTeam = 4P6KMQS9EW;
						ProvisioningStyle = Automatic;
					};
				};
			};
			buildConfigurationList = F4607BA21DF5260100A5411B /* Build configuration list for PBXProject "Miracle" */;
			compatibilityVersion = "Xcode 3.2";
			developmentRegion = English;
			hasScannedForEncodings = 0;
			knownRegions = (
				en,
				Base,
			);
			mainGroup = F4607B9E1DF5260100A5411B;
			productRefGroup = F4607BA81DF5260100A5411B /* Products */;
			projectDirPath = "";
			projectRoot = "";
			targets = (
				F4607BA61DF5260100A5411B /* Miracle */,
			);
		};
/* End PBXProject section */

/* Begin PBXResourcesBuildPhase section */
		F4607BA51DF5260100A5411B /* Resources */ = {
			isa = PBXResourcesBuildPhase;
			buildActionMask = 2147483647;
			files = (
				F4607BB51DF5260100A5411B /* LaunchScreen.storyboard in Resources */,
				F4607BBF1DF52CDE00A5411B /* GoogleService-Info.plist in Resources */,
				F4A603AA1DF56AE1009698D6 /* naturescreen480.mov in Resources */,
				F4607BB21DF5260100A5411B /* Assets.xcassets in Resources */,
				F4607BB01DF5260100A5411B /* Main.storyboard in Resources */,
			);
			runOnlyForDeploymentPostprocessing = 0;
		};
/* End PBXResourcesBuildPhase section */

/* Begin PBXShellScriptBuildPhase section */
		0383E7BA7C3F4CED6DE37270 /* [CP] Embed Pods Frameworks */ = {
			isa = PBXShellScriptBuildPhase;
			buildActionMask = 2147483647;
			files = (
			);
			inputPaths = (
			);
			name = "[CP] Embed Pods Frameworks";
			outputPaths = (
			);
			runOnlyForDeploymentPostprocessing = 0;
			shellPath = /bin/sh;
			shellScript = "\"${SRCROOT}/Pods/Target Support Files/Pods-Miracle/Pods-Miracle-frameworks.sh\"\n";
			showEnvVarsInLog = 0;
		};
		7947C6F5E647BBF8B77B3295 /* [CP] Check Pods Manifest.lock */ = {
			isa = PBXShellScriptBuildPhase;
			buildActionMask = 2147483647;
			files = (
			);
			inputPaths = (
			);
			name = "[CP] Check Pods Manifest.lock";
			outputPaths = (
			);
			runOnlyForDeploymentPostprocessing = 0;
			shellPath = /bin/sh;
			shellScript = "diff \"${PODS_ROOT}/../Podfile.lock\" \"${PODS_ROOT}/Manifest.lock\" > /dev/null\nif [ $? != 0 ] ; then\n    # print error to STDERR\n    echo \"error: The sandbox is not in sync with the Podfile.lock. Run 'pod install' or update your CocoaPods installation.\" >&2\n    exit 1\nfi\n";
			showEnvVarsInLog = 0;
		};
		A91A0CAD45BCD90D7DDC8CB3 /* [CP] Copy Pods Resources */ = {
			isa = PBXShellScriptBuildPhase;
			buildActionMask = 2147483647;
			files = (
			);
			inputPaths = (
			);
			name = "[CP] Copy Pods Resources";
			outputPaths = (
			);
			runOnlyForDeploymentPostprocessing = 0;
			shellPath = /bin/sh;
			shellScript = "\"${SRCROOT}/Pods/Target Support Files/Pods-Miracle/Pods-Miracle-resources.sh\"\n";
			showEnvVarsInLog = 0;
		};
/* End PBXShellScriptBuildPhase section */

/* Begin PBXSourcesBuildPhase section */
		F4607BA31DF5260100A5411B /* Sources */ = {
			isa = PBXSourcesBuildPhase;
			buildActionMask = 2147483647;
			files = (
				F4A603AC1DF640CE009698D6 /* CausesViewController.swift in Sources */,
				F4C872771DF91A790093EFAB /* CauseDetailViewController.swift in Sources */,
				F4607BAD1DF5260100A5411B /* ViewController.swift in Sources */,
				F4A603AE1DF6443F009698D6 /* CausesTabViewController.swift in Sources */,
				F4607BAB1DF5260100A5411B /* AppDelegate.swift in Sources */,
			);
			runOnlyForDeploymentPostprocessing = 0;
		};
/* End PBXSourcesBuildPhase section */

/* Begin PBXVariantGroup section */
		F4607BAE1DF5260100A5411B /* Main.storyboard */ = {
			isa = PBXVariantGroup;
			children = (
				F4607BAF1DF5260100A5411B /* Base */,
			);
			name = Main.storyboard;
			sourceTree = "<group>";
		};
		F4607BB31DF5260100A5411B /* LaunchScreen.storyboard */ = {
			isa = PBXVariantGroup;
			children = (
				F4607BB41DF5260100A5411B /* Base */,
			);
			name = LaunchScreen.storyboard;
			sourceTree = "<group>";
		};
/* End PBXVariantGroup section */

/* Begin XCBuildConfiguration section */
		F4607BB71DF5260100A5411B /* Debug */ = {
			isa = XCBuildConfiguration;
			buildSettings = {
				ALWAYS_SEARCH_USER_PATHS = NO;
				CLANG_ANALYZER_NONNULL = YES;
				CLANG_CXX_LANGUAGE_STANDARD = "gnu++0x";
				CLANG_CXX_LIBRARY = "libc++";
				CLANG_ENABLE_MODULES = YES;
				CLANG_ENABLE_OBJC_ARC = YES;
				CLANG_WARN_BOOL_CONVERSION = YES;
				CLANG_WARN_CONSTANT_CONVERSION = YES;
				CLANG_WARN_DIRECT_OBJC_ISA_USAGE = YES_ERROR;
				CLANG_WARN_DOCUMENTATION_COMMENTS = YES;
				CLANG_WARN_EMPTY_BODY = YES;
				CLANG_WARN_ENUM_CONVERSION = YES;
				CLANG_WARN_INFINITE_RECURSION = YES;
				CLANG_WARN_INT_CONVERSION = YES;
				CLANG_WARN_OBJC_ROOT_CLASS = YES_ERROR;
				CLANG_WARN_SUSPICIOUS_MOVES = YES;
				CLANG_WARN_UNREACHABLE_CODE = YES;
				CLANG_WARN__DUPLICATE_METHOD_MATCH = YES;
				"CODE_SIGN_IDENTITY[sdk=iphoneos*]" = "iPhone Developer";
				COPY_PHASE_STRIP = NO;
				DEBUG_INFORMATION_FORMAT = dwarf;
				ENABLE_STRICT_OBJC_MSGSEND = YES;
				ENABLE_TESTABILITY = YES;
				GCC_C_LANGUAGE_STANDARD = gnu99;
				GCC_DYNAMIC_NO_PIC = NO;
				GCC_NO_COMMON_BLOCKS = YES;
				GCC_OPTIMIZATION_LEVEL = 0;
				GCC_PREPROCESSOR_DEFINITIONS = (
					"DEBUG=1",
					"$(inherited)",
				);
				GCC_WARN_64_TO_32_BIT_CONVERSION = YES;
				GCC_WARN_ABOUT_RETURN_TYPE = YES_ERROR;
				GCC_WARN_UNDECLARED_SELECTOR = YES;
				GCC_WARN_UNINITIALIZED_AUTOS = YES_AGGRESSIVE;
				GCC_WARN_UNUSED_FUNCTION = YES;
				GCC_WARN_UNUSED_VARIABLE = YES;
				IPHONEOS_DEPLOYMENT_TARGET = 10.1;
				MTL_ENABLE_DEBUG_INFO = YES;
				ONLY_ACTIVE_ARCH = YES;
				SDKROOT = iphoneos;
				SWIFT_ACTIVE_COMPILATION_CONDITIONS = DEBUG;
				SWIFT_OPTIMIZATION_LEVEL = "-Onone";
				TARGETED_DEVICE_FAMILY = "1,2";
			};
			name = Debug;
		};
		F4607BB81DF5260100A5411B /* Release */ = {
			isa = XCBuildConfiguration;
			buildSettings = {
				ALWAYS_SEARCH_USER_PATHS = NO;
				CLANG_ANALYZER_NONNULL = YES;
				CLANG_CXX_LANGUAGE_STANDARD = "gnu++0x";
				CLANG_CXX_LIBRARY = "libc++";
				CLANG_ENABLE_MODULES = YES;
				CLANG_ENABLE_OBJC_ARC = YES;
				CLANG_WARN_BOOL_CONVERSION = YES;
				CLANG_WARN_CONSTANT_CONVERSION = YES;
				CLANG_WARN_DIRECT_OBJC_ISA_USAGE = YES_ERROR;
				CLANG_WARN_DOCUMENTATION_COMMENTS = YES;
				CLANG_WARN_EMPTY_BODY = YES;
				CLANG_WARN_ENUM_CONVERSION = YES;
				CLANG_WARN_INFINITE_RECURSION = YES;
				CLANG_WARN_INT_CONVERSION = YES;
				CLANG_WARN_OBJC_ROOT_CLASS = YES_ERROR;
				CLANG_WARN_SUSPICIOUS_MOVES = YES;
				CLANG_WARN_UNREACHABLE_CODE = YES;
				CLANG_WARN__DUPLICATE_METHOD_MATCH = YES;
				"CODE_SIGN_IDENTITY[sdk=iphoneos*]" = "iPhone Developer";
				COPY_PHASE_STRIP = NO;
				DEBUG_INFORMATION_FORMAT = "dwarf-with-dsym";
				ENABLE_NS_ASSERTIONS = NO;
				ENABLE_STRICT_OBJC_MSGSEND = YES;
				GCC_C_LANGUAGE_STANDARD = gnu99;
				GCC_NO_COMMON_BLOCKS = YES;
				GCC_WARN_64_TO_32_BIT_CONVERSION = YES;
				GCC_WARN_ABOUT_RETURN_TYPE = YES_ERROR;
				GCC_WARN_UNDECLARED_SELECTOR = YES;
				GCC_WARN_UNINITIALIZED_AUTOS = YES_AGGRESSIVE;
				GCC_WARN_UNUSED_FUNCTION = YES;
				GCC_WARN_UNUSED_VARIABLE = YES;
				IPHONEOS_DEPLOYMENT_TARGET = 10.1;
				MTL_ENABLE_DEBUG_INFO = NO;
				SDKROOT = iphoneos;
				SWIFT_OPTIMIZATION_LEVEL = "-Owholemodule";
				TARGETED_DEVICE_FAMILY = "1,2";
				VALIDATE_PRODUCT = YES;
			};
			name = Release;
		};
		F4607BBA1DF5260100A5411B /* Debug */ = {
			isa = XCBuildConfiguration;
			baseConfigurationReference = D222DBBA1D2F304865250DFD /* Pods-Miracle.debug.xcconfig */;
			buildSettings = {
				ASSETCATALOG_COMPILER_APPICON_NAME = AppIcon;
				DEVELOPMENT_TEAM = 4P6KMQS9EW;
				FRAMEWORK_SEARCH_PATHS = (
					"$(inherited)",
					"$(PROJECT_DIR)",
				);
				INFOPLIST_FILE = Miracle/Info.plist;
				LD_RUNPATH_SEARCH_PATHS = "$(inherited) @executable_path/Frameworks";
				PRODUCT_BUNDLE_IDENTIFIER = com.Simon.Miracle;
				PRODUCT_NAME = "$(TARGET_NAME)";
				SWIFT_VERSION = 3.0;
			};
			name = Debug;
		};
		F4607BBB1DF5260100A5411B /* Release */ = {
			isa = XCBuildConfiguration;
			baseConfigurationReference = 36E6D4E4B92A632FC8A0B5C5 /* Pods-Miracle.release.xcconfig */;
			buildSettings = {
				ASSETCATALOG_COMPILER_APPICON_NAME = AppIcon;
				DEVELOPMENT_TEAM = 4P6KMQS9EW;
				FRAMEWORK_SEARCH_PATHS = (
					"$(inherited)",
					"$(PROJECT_DIR)",
				);
				INFOPLIST_FILE = Miracle/Info.plist;
				LD_RUNPATH_SEARCH_PATHS = "$(inherited) @executable_path/Frameworks";
				PRODUCT_BUNDLE_IDENTIFIER = com.Simon.Miracle;
				PRODUCT_NAME = "$(TARGET_NAME)";
				SWIFT_VERSION = 3.0;
			};
			name = Release;
		};
/* End XCBuildConfiguration section */

/* Begin XCConfigurationList section */
		F4607BA21DF5260100A5411B /* Build configuration list for PBXProject "Miracle" */ = {
			isa = XCConfigurationList;
			buildConfigurations = (
				F4607BB71DF5260100A5411B /* Debug */,
				F4607BB81DF5260100A5411B /* Release */,
			);
			defaultConfigurationIsVisible = 0;
			defaultConfigurationName = Release;
		};
		F4607BB91DF5260100A5411B /* Build configuration list for PBXNativeTarget "Miracle" */ = {
			isa = XCConfigurationList;
			buildConfigurations = (
				F4607BBA1DF5260100A5411B /* Debug */,
				F4607BBB1DF5260100A5411B /* Release */,
			);
			defaultConfigurationIsVisible = 0;
			defaultConfigurationName = Release;
		};
/* End XCConfigurationList section */
	};
	rootObject = F4607B9F1DF5260100A5411B /* Project object */;
}
